{
  "requires": true,
  "lockfileVersion": 1,
  "dependencies": {
    "csv": {
      "version": "6.0.4",
      "resolved": "https://registry.npmjs.org/csv/-/csv-6.0.4.tgz",
      "integrity": "sha512-v/7cLK2clZ0QpAc+/1Bl+IF3U7Cxn0oszck+tJmnM2dC7yYPUz5A/i3r2ARkaVpd3RcAzOgTh94ISGzyfF/7XQ==",
      "requires": {
        "csv-generate": "^4.0.3",
        "csv-parse": "^5.0.3",
        "csv-stringify": "^6.0.4",
        "stream-transform": "^3.0.3"
      }
    },
    "csv-generate": {
      "version": "4.0.3",
      "resolved": "https://registry.npmjs.org/csv-generate/-/csv-generate-4.0.3.tgz",
      "integrity": "sha512-BLkPf0MkFfPGNNkqjnT16aNMMHUrbbguDE0pMPDcqrBeMoPOKw04dPl1VNQd6+j/JjmrXjQfFKgz6p3FT+bJFA=="
    },
    "csv-parse": {
      "version": "5.0.3",
      "resolved": "https://registry.npmjs.org/csv-parse/-/csv-parse-5.0.3.tgz",
      "integrity": "sha512-86R0WU4aEEF/1fPZKxP3NmDAYC4Ce1t9iFgKPZogG5Lvk4m9WZQkCEsDANktG29jppejwclTtEOzubN2ieCJqw=="
    },
    "csv-stringify": {
      "version": "6.0.4",
      "resolved": "https://registry.npmjs.org/csv-stringify/-/csv-stringify-6.0.4.tgz",
      "integrity": "sha512-Z3EbRQWwkOV3Qc2fQnJmfjrxRgAwH9AncnNK2jmtTvBvFjj/hESZUGm42YvTh9kMw2OOGPHQn5Yt0EbqoRtUVQ=="
    },
    "stream-transform": {
      "version": "3.0.3",
      "resolved": "https://registry.npmjs.org/stream-transform/-/stream-transform-3.0.3.tgz",
      "integrity": "sha512-LU+lJFT1/slgy9Yvgdr21D6PAxm1O7KoEWmXWwiqAHsocbF7woPF0xBXDGuqRycTV3tcrLq0zk+5LhjgCgI3KQ=="
    }
  }
}
